{
    "_readme": [
        "This file locks the dependencies of your project to a known state",
        "Read more about it at https://getcomposer.org/doc/01-basic-usage.md#installing-dependencies",
        "This file is @generated automatically"
    ],
    "content-hash": "4b3b749221c3c024b338df553b57ba72",
    "packages": [
        {
            "name": "hgod/classes",
            "version": "dev-master",
            "source": {
                "type": "git",
                "url": "https://github.com/hgodinho/classes.git",
                "reference": "11eab8621b67304fc917c22a8969d3c017b81f89"
            },
            "dist": {
                "type": "zip",
                "url": "https://api.github.com/repos/hgodinho/classes/zipball/11eab8621b67304fc917c22a8969d3c017b81f89",
                "reference": "11eab8621b67304fc917c22a8969d3c017b81f89",
                "shasum": ""
            },
            "require-dev": {
                "automattic/vipwpcs": "*",
                "dealerdirect/phpcodesniffer-composer-installer": "^0.6",
                "phpcompatibility/phpcompatibility-wp": "*",
                "wp-coding-standards/wpcs": "^0.14.0"
            },
            "type": "library",
            "authors": [
                {
                    "name": "Henrique Godinho",
                    "email": "hnrq.godinho@gmail.com"
                }
            ],
            "description": "Classes para criar custom-post-types, taxonomies, loads e admins pages no wordpress",
            "support": {
                "source": "https://github.com/hgodinho/classes/tree/master",
                "issues": "https://github.com/hgodinho/classes/issues"
            },
            "time": "2020-07-22T02:25:11+00:00"
        },
        {
            "name": "twbs/bootstrap",
            "version": "v4.5.0",
            "source": {
                "type": "git",
                "url": "https://github.com/twbs/bootstrap.git",
                "reference": "7a6da5e3e7ad7c749dde806546a35d4d4259d965"
            },
            "dist": {
                "type": "zip",
                "url": "https://api.github.com/repos/twbs/bootstrap/zipball/7a6da5e3e7ad7c749dde806546a35d4d4259d965",
                "reference": "7a6da5e3e7ad7c749dde806546a35d4d4259d965",
                "shasum": ""
            },
            "replace": {
                "twitter/bootstrap": "self.version"
            },
            "type": "library",
            "extra": {
                "branch-alias": {
                    "dev-master": "3.3.x-dev"
                }
            },
            "notification-url": "https://packagist.org/downloads/",
            "license": [
                "MIT"
            ],
            "authors": [
                {
                    "name": "Mark Otto",
                    "email": "markdotto@gmail.com"
                },
                {
                    "name": "Jacob Thornton",
                    "email": "jacobthornton@gmail.com"
                }
            ],
            "description": "The most popular front-end framework for developing responsive, mobile first projects on the web.",
            "homepage": "https://getbootstrap.com/",
            "keywords": [
                "JS",
                "css",
                "framework",
                "front-end",
                "mobile-first",
                "responsive",
                "sass",
                "web"
            ],
            "time": "2020-05-12T17:44:42+00:00"
        }
    ],
    "packages-dev": [
        {
            "name": "automattic/vipwpcs",
            "version": "0.2.4",
            "source": {
                "type": "git",
                "url": "https://github.com/Automattic/VIP-Coding-Standards.git",
                "reference": "c74e8861cf3a0db3a3a1633cb9b7854144ec585b"
            },
            "dist": {
                "type": "zip",
                "url": "https://api.github.com/repos/Automattic/VIP-Coding-Standards/zipball/c74e8861cf3a0db3a3a1633cb9b7854144ec585b",
                "reference": "c74e8861cf3a0db3a3a1633cb9b7854144ec585b",
                "shasum": ""
            },
            "require": {
                "php": ">=5.3",
                "squizlabs/php_codesniffer": "^2.9.0 || ^3.0.2",
                "wp-coding-standards/wpcs": "*"
            },
            "suggest": {
                "dealerdirect/phpcodesniffer-composer-installer": "^0.4.1"
            },
            "type": "phpcodesniffer-standard",
            "notification-url": "https://packagist.org/downloads/",
            "license": [
                "MIT"
            ],
            "authors": [
                {
                    "name": "Contributors",
                    "homepage": "https://github.com/Automattic/VIP-Coding-Standards/graphs/contributors"
                }
            ],
            "description": "PHP_CodeSniffer rules (sniffs) to enforce WordPress VIP minimum coding conventions",
            "keywords": [
                "phpcs",
                "standards",
                "wordpress"
            ],
            "time": "2018-07-18T16:53:09+00:00"
        },
        {
            "name": "dealerdirect/phpcodesniffer-composer-installer",
            "version": "v0.6.2",
            "source": {
                "type": "git",
                "url": "https://github.com/Dealerdirect/phpcodesniffer-composer-installer.git",
                "reference": "8001af8eb107fbfcedc31a8b51e20b07d85b457a"
            },
            "dist": {
                "type": "zip",
                "url": "https://api.github.com/repos/Dealerdirect/phpcodesniffer-composer-installer/zipball/8001af8eb107fbfcedc31a8b51e20b07d85b457a",
                "reference": "8001af8eb107fbfcedc31a8b51e20b07d85b457a",
                "shasum": ""
            },
            "require": {
                "composer-plugin-api": "^1.0",
                "php": "^5.3|^7",
                "squizlabs/php_codesniffer": "^2|^3"
            },
            "require-dev": {
                "composer/composer": "*",
                "phpcompatibility/php-compatibility": "^9.0",
                "sensiolabs/security-checker": "^4.1.0"
            },
            "type": "composer-plugin",
            "extra": {
                "class": "Dealerdirect\\Composer\\Plugin\\Installers\\PHPCodeSniffer\\Plugin"
            },
            "autoload": {
                "psr-4": {
                    "Dealerdirect\\Composer\\Plugin\\Installers\\PHPCodeSniffer\\": "src/"
                }
            },
            "notification-url": "https://packagist.org/downloads/",
            "license": [
                "MIT"
            ],
            "authors": [
                {
                    "name": "Franck Nijhof",
                    "email": "franck.nijhof@dealerdirect.com",
                    "homepage": "http://www.frenck.nl",
                    "role": "Developer / IT Manager"
                }
            ],
            "description": "PHP_CodeSniffer Standards Composer Installer Plugin",
            "homepage": "http://www.dealerdirect.com",
            "keywords": [
                "PHPCodeSniffer",
                "PHP_CodeSniffer",
                "code quality",
                "codesniffer",
                "composer",
                "installer",
                "phpcs",
                "plugin",
                "qa",
                "quality",
                "standard",
                "standards",
                "style guide",
                "stylecheck",
                "tests"
            ],
            "time": "2020-01-29T20:22:20+00:00"
        },
        {
            "name": "phpcompatibility/php-compatibility",
            "version": "9.3.5",
            "source": {
                "type": "git",
                "url": "https://github.com/PHPCompatibility/PHPCompatibility.git",
                "reference": "9fb324479acf6f39452e0655d2429cc0d3914243"
            },
            "dist": {
                "type": "zip",
                "url": "https://api.github.com/repos/PHPCompatibility/PHPCompatibility/zipball/9fb324479acf6f39452e0655d2429cc0d3914243",
                "reference": "9fb324479acf6f39452e0655d2429cc0d3914243",
                "shasum": ""
            },
            "require": {
                "php": ">=5.3",
                "squizlabs/php_codesniffer": "^2.3 || ^3.0.2"
            },
            "conflict": {
                "squizlabs/php_codesniffer": "2.6.2"
            },
            "require-dev": {
                "phpunit/phpunit": "~4.5 || ^5.0 || ^6.0 || ^7.0"
            },
            "suggest": {
                "dealerdirect/phpcodesniffer-composer-installer": "^0.5 || This Composer plugin will sort out the PHPCS 'installed_paths' automatically.",
                "roave/security-advisories": "dev-master || Helps prevent installing dependencies with known security issues."
            },
            "type": "phpcodesniffer-standard",
            "notification-url": "https://packagist.org/downloads/",
            "license": [
                "LGPL-3.0-or-later"
            ],
            "authors": [
                {
                    "name": "Wim Godden",
                    "homepage": "https://github.com/wimg",
                    "role": "lead"
                },
                {
                    "name": "Juliette Reinders Folmer",
                    "homepage": "https://github.com/jrfnl",
                    "role": "lead"
                },
                {
                    "name": "Contributors",
                    "homepage": "https://github.com/PHPCompatibility/PHPCompatibility/graphs/contributors"
                }
            ],
            "description": "A set of sniffs for PHP_CodeSniffer that checks for PHP cross-version compatibility.",
            "homepage": "http://techblog.wimgodden.be/tag/codesniffer/",
            "keywords": [
                "compatibility",
                "phpcs",
                "standards"
            ],
            "time": "2019-12-27T09:44:58+00:00"
        },
        {
            "name": "phpcompatibility/phpcompatibility-paragonie",
            "version": "1.3.0",
            "source": {
                "type": "git",
                "url": "https://github.com/PHPCompatibility/PHPCompatibilityParagonie.git",
                "reference": "b862bc32f7e860d0b164b199bd995e690b4b191c"
            },
            "dist": {
                "type": "zip",
                "url": "https://api.github.com/repos/PHPCompatibility/PHPCompatibilityParagonie/zipball/b862bc32f7e860d0b164b199bd995e690b4b191c",
                "reference": "b862bc32f7e860d0b164b199bd995e690b4b191c",
                "shasum": ""
            },
            "require": {
                "phpcompatibility/php-compatibility": "^9.0"
            },
            "require-dev": {
                "dealerdirect/phpcodesniffer-composer-installer": "^0.5",
                "paragonie/random_compat": "dev-master",
                "paragonie/sodium_compat": "dev-master"
            },
            "suggest": {
                "dealerdirect/phpcodesniffer-composer-installer": "^0.5 || This Composer plugin will sort out the PHP_CodeSniffer 'installed_paths' automatically.",
                "roave/security-advisories": "dev-master || Helps prevent installing dependencies with known security issues."
            },
            "type": "phpcodesniffer-standard",
            "notification-url": "https://packagist.org/downloads/",
            "license": [
                "LGPL-3.0-or-later"
            ],
            "authors": [
                {
                    "name": "Wim Godden",
                    "role": "lead"
                },
                {
                    "name": "Juliette Reinders Folmer",
                    "role": "lead"
                }
            ],
            "description": "A set of rulesets for PHP_CodeSniffer to check for PHP cross-version compatibility issues in projects, while accounting for polyfills provided by the Paragonie polyfill libraries.",
            "homepage": "http://phpcompatibility.com/",
            "keywords": [
                "compatibility",
                "paragonie",
                "phpcs",
                "polyfill",
                "standards"
            ],
            "time": "2019-11-04T15:17:54+00:00"
        },
        {
            "name": "phpcompatibility/phpcompatibility-wp",
            "version": "2.1.0",
            "source": {
                "type": "git",
                "url": "https://github.com/PHPCompatibility/PHPCompatibilityWP.git",
                "reference": "41bef18ba688af638b7310666db28e1ea9158b2f"
            },
            "dist": {
                "type": "zip",
                "url": "https://api.github.com/repos/PHPCompatibility/PHPCompatibilityWP/zipball/41bef18ba688af638b7310666db28e1ea9158b2f",
                "reference": "41bef18ba688af638b7310666db28e1ea9158b2f",
                "shasum": ""
            },
            "require": {
                "phpcompatibility/php-compatibility": "^9.0",
                "phpcompatibility/phpcompatibility-paragonie": "^1.0"
            },
            "require-dev": {
                "dealerdirect/phpcodesniffer-composer-installer": "^0.5"
            },
            "suggest": {
                "dealerdirect/phpcodesniffer-composer-installer": "^0.5 || This Composer plugin will sort out the PHP_CodeSniffer 'installed_paths' automatically.",
                "roave/security-advisories": "dev-master || Helps prevent installing dependencies with known security issues."
            },
            "type": "phpcodesniffer-standard",
            "notification-url": "https://packagist.org/downloads/",
            "license": [
                "LGPL-3.0-or-later"
            ],
            "authors": [
                {
                    "name": "Wim Godden",
                    "role": "lead"
                },
                {
                    "name": "Juliette Reinders Folmer",
                    "role": "lead"
                }
            ],
            "description": "A ruleset for PHP_CodeSniffer to check for PHP cross-version compatibility issues in projects, while accounting for polyfills provided by WordPress.",
            "homepage": "http://phpcompatibility.com/",
            "keywords": [
                "compatibility",
                "phpcs",
                "standards",
                "wordpress"
            ],
            "time": "2019-08-28T14:22:28+00:00"
        },
        {
            "name": "squizlabs/php_codesniffer",
            "version": "3.5.5",
            "source": {
                "type": "git",
                "url": "https://github.com/squizlabs/PHP_CodeSniffer.git",
                "reference": "73e2e7f57d958e7228fce50dc0c61f58f017f9f6"
            },
            "dist": {
                "type": "zip",
                "url": "https://api.github.com/repos/squizlabs/PHP_CodeSniffer/zipball/73e2e7f57d958e7228fce50dc0c61f58f017f9f6",
                "reference": "73e2e7f57d958e7228fce50dc0c61f58f017f9f6",
                "shasum": ""
            },
            "require": {
                "ext-simplexml": "*",
                "ext-tokenizer": "*",
                "ext-xmlwriter": "*",
                "php": ">=5.4.0"
            },
            "require-dev": {
                "phpunit/phpunit": "^4.0 || ^5.0 || ^6.0 || ^7.0"
            },
            "bin": [
                "bin/phpcs",
                "bin/phpcbf"
            ],
            "type": "library",
            "extra": {
                "branch-alias": {
                    "dev-master": "3.x-dev"
                }
            },
            "notification-url": "https://packagist.org/downloads/",
            "license": [
                "BSD-3-Clause"
            ],
            "authors": [
                {
                    "name": "Greg Sherwood",
                    "role": "lead"
                }
            ],
            "description": "PHP_CodeSniffer tokenizes PHP, JavaScript and CSS files and detects violations of a defined set of coding standards.",
            "homepage": "https://github.com/squizlabs/PHP_CodeSniffer",
            "keywords": [
                "phpcs",
                "standards"
            ],
            "time": "2020-04-17T01:09:41+00:00"
        },
        {
            "name": "wp-coding-standards/wpcs",
            "version": "0.14.1",
            "source": {
                "type": "git",
                "url": "https://github.com/WordPress/WordPress-Coding-Standards.git",
                "reference": "cf6b310caad735816caef7573295f8a534374706"
            },
            "dist": {
                "type": "zip",
                "url": "https://api.github.com/repos/WordPress/WordPress-Coding-Standards/zipball/cf6b310caad735816caef7573295f8a534374706",
                "reference": "cf6b310caad735816caef7573295f8a534374706",
                "shasum": ""
            },
            "require": {
                "php": ">=5.3",
                "squizlabs/php_codesniffer": "^2.9.0 || ^3.0.2"
            },
            "suggest": {
                "dealerdirect/phpcodesniffer-composer-installer": "^0.4.3"
            },
            "type": "phpcodesniffer-standard",
            "notification-url": "https://packagist.org/downloads/",
            "license": [
                "MIT"
            ],
            "authors": [
                {
                    "name": "Contributors",
                    "homepage": "https://github.com/WordPress-Coding-Standards/WordPress-Coding-Standards/graphs/contributors"
                }
            ],
            "description": "PHP_CodeSniffer rules (sniffs) to enforce WordPress coding conventions",
            "keywords": [
                "phpcs",
                "standards",
                "wordpress"
            ],
            "time": "2018-02-16T01:57:48+00:00"
        }
    ],
    "aliases": [],
    "minimum-stability": "stable",
    "stability-flags": {
        "hgod/classes": 20
    },
    "prefer-stable": false,
    "prefer-lowest": false,
    "platform": [],
    "platform-dev": []
}
