{
  "name": "hgodbee",
  "version": "0.2.0",
  "lockfileVersion": 1,
  "requires": true,
  "dependencies": {
    "@yaireo/tagify": {
      "version": "3.16.2",
      "resolved": "https://registry.npmjs.org/@yaireo/tagify/-/tagify-3.16.2.tgz",
      "integrity": "sha512-XQ0jMVDMY1eBdQ4XdSa5vKQkosJ6dVTxQCJzNaKegZrAxahvfCObd5NgX4meS4Da/j3uTFdxfjR1Z3WjWhDqfg=="
    }
  }
}
